{
  "name": "hello-hlsjs",
  "version": "1.0.0",
  "lockfileVersion": 2,
  "requires": true,
  "packages": {
    "": {
      "version": "1.0.0",
      "license": "ISC",
      "dependencies": {
        "hls.js": "^1.0.7"
      }
    },
    "node_modules/hls.js": {
      "version": "1.0.7",
      "resolved": "https://registry.npmjs.org/hls.js/-/hls.js-1.0.7.tgz",
      "integrity": "sha512-NsGaksvOuYNyTmu/w239EtYFMadFzIoDkmStc1FDRcrGmvxOfMGKad/hLj4NHoE8H1S+Q8dT7HufMJJ6yiht7g=="
    }
  },
  "dependencies": {
    "hls.js": {
      "version": "1.0.7",
      "resolved": "https://registry.npmjs.org/hls.js/-/hls.js-1.0.7.tgz",
      "integrity": "sha512-NsGaksvOuYNyTmu/w239EtYFMadFzIoDkmStc1FDRcrGmvxOfMGKad/hLj4NHoE8H1S+Q8dT7HufMJJ6yiht7g=="
    }
  }
}
